
Microsoft Visual Studio Solution File, Format Version 12.00
# Visual Studio Version 17
VisualStudioVersion = 17.9.34622.214
MinimumVisualStudioVersion = 10.0.40219.1
Project("{FAE04EC0-301F-11D3-BF4B-00C04F79EFBC}") = "ComercioApi", "ComercioApi\ComercioApi.csproj", "{A88DC854-DF93-4F4B-83D9-908877AADF1A}"
EndProject
Global
	GlobalSection(SolutionConfigurationPlatforms) = preSolution
		Debug|Any CPU = Debug|Any CPU
		Release|Any CPU = Release|Any CPU
	EndGlobalSection
	GlobalSection(ProjectConfigurationPlatforms) = postSolution
		{A88DC854-DF93-4F4B-83D9-908877AADF1A}.Debug|Any CPU.ActiveCfg = Debug|Any CPU
		{A88DC854-DF93-4F4B-83D9-908877AADF1A}.Debug|Any CPU.Build.0 = Debug|Any CPU
		{A88DC854-DF93-4F4B-83D9-908877AADF1A}.Release|Any CPU.ActiveCfg = Release|Any CPU
		{A88DC854-DF93-4F4B-83D9-908877AADF1A}.Release|Any CPU.Build.0 = Release|Any CPU
	EndGlobalSection
	GlobalSection(SolutionProperties) = preSolution
		HideSolutionNode = FALSE
	EndGlobalSection
	GlobalSection(ExtensibilityGlobals) = postSolution
		SolutionGuid = {0DA68D41-3948-47DB-B46D-455E4EF936B3}
	EndGlobalSection
EndGlobal
